
Microsoft Visual Studio Solution File, Format Version 12.00
# Visual Studio Version 17
VisualStudioVersion = 17.5.33627.172
MinimumVisualStudioVersion = 10.0.40219.1
Project("{FAE04EC0-301F-11D3-BF4B-00C04F79EFBC}") = "WebAppCqrsMediator.Api", "WebAppCqrsMediator.Api\WebAppCqrsMediator.Api.csproj", "{C7711A8B-BDFA-41EE-B811-38B7C2C3335D}"
EndProject
Project("{FAE04EC0-301F-11D3-BF4B-00C04F79EFBC}") = "WebAppCqrsMediator.Domain", "WebAppCqrsMediator.Domain\WebAppCqrsMediator.Domain.csproj", "{B2FA0B83-43F4-4862-9858-6D1A017AA7F8}"
EndProject
Project("{FAE04EC0-301F-11D3-BF4B-00C04F79EFBC}") = "WebAppCqrsMediator.Mediator", "WebAppCqrsMediator.Mediator\WebAppCqrsMediator.Mediator.csproj", "{72F0155A-D505-429D-B583-0679490DDFA2}"
EndProject
Project("{FAE04EC0-301F-11D3-BF4B-00C04F79EFBC}") = "WebAppCqrsMediator.Infrastructure", "WebAppCqrsMediator.Infrastructure\WebAppCqrsMediator.Infrastructure.csproj", "{92BE6411-D08A-499D-91A1-E8B9517FEF59}"
EndProject
Project("{FAE04EC0-301F-11D3-BF4B-00C04F79EFBC}") = "RabbirMQConsumerConsoleApp", "RabbirMQConsumerConsoleApp\RabbirMQConsumerConsoleApp.csproj", "{21749CE3-2CDB-4AC8-830E-7456E48F8477}"
EndProject
Global
	GlobalSection(SolutionConfigurationPlatforms) = preSolution
		Debug|Any CPU = Debug|Any CPU
		Release|Any CPU = Release|Any CPU
	EndGlobalSection
	GlobalSection(ProjectConfigurationPlatforms) = postSolution
		{C7711A8B-BDFA-41EE-B811-38B7C2C3335D}.Debug|Any CPU.ActiveCfg = Debug|Any CPU
		{C7711A8B-BDFA-41EE-B811-38B7C2C3335D}.Debug|Any CPU.Build.0 = Debug|Any CPU
		{C7711A8B-BDFA-41EE-B811-38B7C2C3335D}.Release|Any CPU.ActiveCfg = Release|Any CPU
		{C7711A8B-BDFA-41EE-B811-38B7C2C3335D}.Release|Any CPU.Build.0 = Release|Any CPU
		{B2FA0B83-43F4-4862-9858-6D1A017AA7F8}.Debug|Any CPU.ActiveCfg = Debug|Any CPU
		{B2FA0B83-43F4-4862-9858-6D1A017AA7F8}.Debug|Any CPU.Build.0 = Debug|Any CPU
		{B2FA0B83-43F4-4862-9858-6D1A017AA7F8}.Release|Any CPU.ActiveCfg = Release|Any CPU
		{B2FA0B83-43F4-4862-9858-6D1A017AA7F8}.Release|Any CPU.Build.0 = Release|Any CPU
		{72F0155A-D505-429D-B583-0679490DDFA2}.Debug|Any CPU.ActiveCfg = Debug|Any CPU
		{72F0155A-D505-429D-B583-0679490DDFA2}.Debug|Any CPU.Build.0 = Debug|Any CPU
		{72F0155A-D505-429D-B583-0679490DDFA2}.Release|Any CPU.ActiveCfg = Release|Any CPU
		{72F0155A-D505-429D-B583-0679490DDFA2}.Release|Any CPU.Build.0 = Release|Any CPU
		{92BE6411-D08A-499D-91A1-E8B9517FEF59}.Debug|Any CPU.ActiveCfg = Debug|Any CPU
		{92BE6411-D08A-499D-91A1-E8B9517FEF59}.Debug|Any CPU.Build.0 = Debug|Any CPU
		{92BE6411-D08A-499D-91A1-E8B9517FEF59}.Release|Any CPU.ActiveCfg = Release|Any CPU
		{92BE6411-D08A-499D-91A1-E8B9517FEF59}.Release|Any CPU.Build.0 = Release|Any CPU
		{21749CE3-2CDB-4AC8-830E-7456E48F8477}.Debug|Any CPU.ActiveCfg = Debug|Any CPU
		{21749CE3-2CDB-4AC8-830E-7456E48F8477}.Debug|Any CPU.Build.0 = Debug|Any CPU
		{21749CE3-2CDB-4AC8-830E-7456E48F8477}.Release|Any CPU.ActiveCfg = Release|Any CPU
		{21749CE3-2CDB-4AC8-830E-7456E48F8477}.Release|Any CPU.Build.0 = Release|Any CPU
	EndGlobalSection
	GlobalSection(SolutionProperties) = preSolution
		HideSolutionNode = FALSE
	EndGlobalSection
	GlobalSection(ExtensibilityGlobals) = postSolution
		SolutionGuid = {BA9B4496-5B33-49A4-AB7A-F644EA801401}
	EndGlobalSection
EndGlobal
